
Microsoft Visual Studio Solution File, Format Version 12.00
# Visual Studio Version 17
VisualStudioVersion = 17.3.32929.385
MinimumVisualStudioVersion = 10.0.40219.1
Project("{9A19103F-16F7-4668-BE54-9A1E7A4F7556}") = "ConcurrentFlows.TransformerDemo", "ConcurrentFlows.TransformerDemo\ConcurrentFlows.TransformerDemo.csproj", "{0B9F4A2D-EFA3-4FE0-8FE2-D9E9FC8BA6BE}"
EndProject
Project("{9A19103F-16F7-4668-BE54-9A1E7A4F7556}") = "ConcurrentFlows.MessageHandling", "ConcurrentFlows.MessageHandling\ConcurrentFlows.MessageHandling.csproj", "{140B3998-7291-43DB-8043-DD3D8C77037B}"
EndProject
Project("{9A19103F-16F7-4668-BE54-9A1E7A4F7556}") = "ConcurrentFlows.MessagingLibrary", "ConcurrentFlows.MessagingLibrary\ConcurrentFlows.MessagingLibrary.csproj", "{FF3F8ED2-A7AF-450A-951F-8619CA8325A2}"
EndProject
Project("{9A19103F-16F7-4668-BE54-9A1E7A4F7556}") = "ConcurrentFlows.MessageMultiplexing", "ConcurrentFlows.MessageMultiplexing\ConcurrentFlows.MessageMultiplexing.csproj", "{B03E8BC3-87AC-4F57-9226-9015539D24C1}"
EndProject
Project("{9A19103F-16F7-4668-BE54-9A1E7A4F7556}") = "ConcurrentFlows.DapperResiliency", "ConcurrentFlows.DapperResiliency\ConcurrentFlows.DapperResiliency.csproj", "{3D5435B7-6CB7-4C9D-AC9F-7914653F6784}"
EndProject
Project("{9A19103F-16F7-4668-BE54-9A1E7A4F7556}") = "ConcurrentFlows.HostedActorSystem", "ConcurrentFlows.HostedActorSystem\ConcurrentFlows.HostedActorSystem.csproj", "{70923A84-D237-4035-9C16-9D6049F50953}"
EndProject
Project("{9A19103F-16F7-4668-BE54-9A1E7A4F7556}") = "ConcurrentFlows.ProcessManagement", "ConcurrentFlows.ProcessManagement\ConcurrentFlows.ProcessManagement.csproj", "{84621CA1-513E-4FF3-9DBE-F2566513F45F}"
EndProject
Project("{9A19103F-16F7-4668-BE54-9A1E7A4F7556}") = "ConcurrentFlows.AsyncMediator1", "ConcurrentFlows.AsyncMediator1\ConcurrentFlows.AsyncMediator1.csproj", "{1591474D-C1D0-484E-858D-55D7207AF47E}"
EndProject
Project("{9A19103F-16F7-4668-BE54-9A1E7A4F7556}") = "ConcurrentFlows.AsyncMediator2", "ConcurrentFlows.AsyncMediator2\ConcurrentFlows.AsyncMediator2.csproj", "{CCA12078-2E30-416C-822F-B10EB08A3D0C}"
EndProject
Project("{FAE04EC0-301F-11D3-BF4B-00C04F79EFBC}") = "Concurrentflows.AsyncMediator.Tests", "Concurrentflows.AsyncMediator.Tests\Concurrentflows.AsyncMediator.Tests.csproj", "{DF990306-411F-4DA8-8C5F-A50DF8A9A506}"
EndProject
Global
	GlobalSection(SolutionConfigurationPlatforms) = preSolution
		Debug|Any CPU = Debug|Any CPU
		Release|Any CPU = Release|Any CPU
	EndGlobalSection
	GlobalSection(ProjectConfigurationPlatforms) = postSolution
		{0B9F4A2D-EFA3-4FE0-8FE2-D9E9FC8BA6BE}.Debug|Any CPU.ActiveCfg = Debug|Any CPU
		{0B9F4A2D-EFA3-4FE0-8FE2-D9E9FC8BA6BE}.Debug|Any CPU.Build.0 = Debug|Any CPU
		{0B9F4A2D-EFA3-4FE0-8FE2-D9E9FC8BA6BE}.Release|Any CPU.ActiveCfg = Release|Any CPU
		{0B9F4A2D-EFA3-4FE0-8FE2-D9E9FC8BA6BE}.Release|Any CPU.Build.0 = Release|Any CPU
		{140B3998-7291-43DB-8043-DD3D8C77037B}.Debug|Any CPU.ActiveCfg = Debug|Any CPU
		{140B3998-7291-43DB-8043-DD3D8C77037B}.Debug|Any CPU.Build.0 = Debug|Any CPU
		{140B3998-7291-43DB-8043-DD3D8C77037B}.Release|Any CPU.ActiveCfg = Release|Any CPU
		{140B3998-7291-43DB-8043-DD3D8C77037B}.Release|Any CPU.Build.0 = Release|Any CPU
		{FF3F8ED2-A7AF-450A-951F-8619CA8325A2}.Debug|Any CPU.ActiveCfg = Debug|Any CPU
		{FF3F8ED2-A7AF-450A-951F-8619CA8325A2}.Debug|Any CPU.Build.0 = Debug|Any CPU
		{FF3F8ED2-A7AF-450A-951F-8619CA8325A2}.Release|Any CPU.ActiveCfg = Release|Any CPU
		{FF3F8ED2-A7AF-450A-951F-8619CA8325A2}.Release|Any CPU.Build.0 = Release|Any CPU
		{B03E8BC3-87AC-4F57-9226-9015539D24C1}.Debug|Any CPU.ActiveCfg = Debug|Any CPU
		{B03E8BC3-87AC-4F57-9226-9015539D24C1}.Debug|Any CPU.Build.0 = Debug|Any CPU
		{B03E8BC3-87AC-4F57-9226-9015539D24C1}.Release|Any CPU.ActiveCfg = Release|Any CPU
		{B03E8BC3-87AC-4F57-9226-9015539D24C1}.Release|Any CPU.Build.0 = Release|Any CPU
		{3D5435B7-6CB7-4C9D-AC9F-7914653F6784}.Debug|Any CPU.ActiveCfg = Debug|Any CPU
		{3D5435B7-6CB7-4C9D-AC9F-7914653F6784}.Debug|Any CPU.Build.0 = Debug|Any CPU
		{3D5435B7-6CB7-4C9D-AC9F-7914653F6784}.Release|Any CPU.ActiveCfg = Release|Any CPU
		{3D5435B7-6CB7-4C9D-AC9F-7914653F6784}.Release|Any CPU.Build.0 = Release|Any CPU
		{70923A84-D237-4035-9C16-9D6049F50953}.Debug|Any CPU.ActiveCfg = Debug|Any CPU
		{70923A84-D237-4035-9C16-9D6049F50953}.Debug|Any CPU.Build.0 = Debug|Any CPU
		{70923A84-D237-4035-9C16-9D6049F50953}.Release|Any CPU.ActiveCfg = Release|Any CPU
		{70923A84-D237-4035-9C16-9D6049F50953}.Release|Any CPU.Build.0 = Release|Any CPU
		{84621CA1-513E-4FF3-9DBE-F2566513F45F}.Debug|Any CPU.ActiveCfg = Debug|Any CPU
		{84621CA1-513E-4FF3-9DBE-F2566513F45F}.Debug|Any CPU.Build.0 = Debug|Any CPU
		{84621CA1-513E-4FF3-9DBE-F2566513F45F}.Release|Any CPU.ActiveCfg = Release|Any CPU
		{84621CA1-513E-4FF3-9DBE-F2566513F45F}.Release|Any CPU.Build.0 = Release|Any CPU
		{1591474D-C1D0-484E-858D-55D7207AF47E}.Debug|Any CPU.ActiveCfg = Debug|Any CPU
		{1591474D-C1D0-484E-858D-55D7207AF47E}.Debug|Any CPU.Build.0 = Debug|Any CPU
		{1591474D-C1D0-484E-858D-55D7207AF47E}.Release|Any CPU.ActiveCfg = Release|Any CPU
		{1591474D-C1D0-484E-858D-55D7207AF47E}.Release|Any CPU.Build.0 = Release|Any CPU
		{CCA12078-2E30-416C-822F-B10EB08A3D0C}.Debug|Any CPU.ActiveCfg = Debug|Any CPU
		{CCA12078-2E30-416C-822F-B10EB08A3D0C}.Debug|Any CPU.Build.0 = Debug|Any CPU
		{CCA12078-2E30-416C-822F-B10EB08A3D0C}.Release|Any CPU.ActiveCfg = Release|Any CPU
		{CCA12078-2E30-416C-822F-B10EB08A3D0C}.Release|Any CPU.Build.0 = Release|Any CPU
		{DF990306-411F-4DA8-8C5F-A50DF8A9A506}.Debug|Any CPU.ActiveCfg = Debug|Any CPU
		{DF990306-411F-4DA8-8C5F-A50DF8A9A506}.Debug|Any CPU.Build.0 = Debug|Any CPU
		{DF990306-411F-4DA8-8C5F-A50DF8A9A506}.Release|Any CPU.ActiveCfg = Release|Any CPU
		{DF990306-411F-4DA8-8C5F-A50DF8A9A506}.Release|Any CPU.Build.0 = Release|Any CPU
	EndGlobalSection
	GlobalSection(SolutionProperties) = preSolution
		HideSolutionNode = FALSE
	EndGlobalSection
	GlobalSection(ExtensibilityGlobals) = postSolution
		SolutionGuid = {E797B2E6-7CF3-4E1E-A05B-38E1913DDF5A}
	EndGlobalSection
EndGlobal
